{
  "sources": {
    "wagnaria": {
      "path": "."
    },
    "mongodb": {
      "locked_version": "0.12.0",
      "git": "git://github.com/mylons/chef-mongodb.git",
      "ref": "7823a6850c03af85cb73ed241fd9bfafd8b60909"
    },
    "nginx_conf": {
      "locked_version": "0.2.1",
      "git": "git://github.com/firebelly/chef-nginx_conf.git",
      "ref": "b85ac324fdcc48c93315142763829571ccc835e3"
    },
    "python": {
      "locked_version": "1.3.6"
    },
    "build-essential": {
      "locked_version": "1.4.0"
    },
    "yum": {
      "locked_version": "2.3.0"
    },
    "application": {
      "locked_version": "3.0.0"
    },
    "application_python": {
      "locked_version": "2.0.0"
    },
    "gunicorn": {
      "locked_version": "1.1.0"
    },
    "supervisor": {
      "locked_version": "0.4.4"
    },
    "nginx": {
      "locked_version": "1.7.0"
    },
    "apt": {
      "locked_version": "2.0.0"
    },
    "runit": {
      "locked_version": "1.1.6"
    },
    "ohai": {
      "locked_version": "1.1.10"
    }
  }
}
